{
  "projects": [
    {
      "projectId": "8XBo3ATGmQSjqbBPzfVXf7",
      "version": "latest",
      "dependencies": {},
      "lang": "ts",
      "fileLocks": [
        {
          "type": "globalVariant",
          "assetId": "JfmRqS3HrPugY",
          "checksum": "b1c1c618ef0699acc1897a33309bb1dd"
        },
        {
          "assetId": "8XBo3ATGmQSjqbBPzfVXf7",
          "type": "projectCss",
          "checksum": "44e8d3e123f0640cc41c8f7ebe690c72"
        },
        {
          "type": "renderModule",
          "assetId": "ySh9cxpyu1zCFI",
          "checksum": "4512fcfceaf7e6973eef4b5fa36b919c"
        },
        {
          "type": "cssRules",
          "assetId": "ySh9cxpyu1zCFI",
          "checksum": "4512fcfceaf7e6973eef4b5fa36b919c"
        },
        {
          "type": "renderModule",
          "assetId": "VE2vtsxhEHpp7b",
          "checksum": "ddbcc57c110e709ce2b9fdf1aa8f9a28"
        },
        {
          "type": "cssRules",
          "assetId": "VE2vtsxhEHpp7b",
          "checksum": "ddbcc57c110e709ce2b9fdf1aa8f9a28"
        },
        {
          "type": "renderModule",
          "assetId": "5cBzrMgAJaAEXV",
          "checksum": "39e15985147f5d6642b7760c34c4f604"
        },
        {
          "type": "cssRules",
          "assetId": "5cBzrMgAJaAEXV",
          "checksum": "39e15985147f5d6642b7760c34c4f604"
        },
        {
          "type": "renderModule",
          "assetId": "wfkYQsFF-B06vO",
          "checksum": "09120ddf78ba0e83acf804c4367387b8"
        },
        {
          "type": "cssRules",
          "assetId": "wfkYQsFF-B06vO",
          "checksum": "09120ddf78ba0e83acf804c4367387b8"
        },
        {
          "type": "renderModule",
          "assetId": "oBpONV1I_YFSqg",
          "checksum": "6e00fa9f669e6011666106218b0ac527"
        },
        {
          "type": "cssRules",
          "assetId": "oBpONV1I_YFSqg",
          "checksum": "6e00fa9f669e6011666106218b0ac527"
        },
        {
          "type": "renderModule",
          "assetId": "4VBOLTD83lUZrU",
          "checksum": "77db0ecf3bf897af8d0daa2732ed01fc"
        },
        {
          "type": "cssRules",
          "assetId": "4VBOLTD83lUZrU",
          "checksum": "77db0ecf3bf897af8d0daa2732ed01fc"
        },
        {
          "type": "renderModule",
          "assetId": "TZikInR5j5KSSW",
          "checksum": "e36066211e82e6c722fa00bbac8d3708"
        },
        {
          "type": "cssRules",
          "assetId": "TZikInR5j5KSSW",
          "checksum": "e36066211e82e6c722fa00bbac8d3708"
        },
        {
          "type": "renderModule",
          "assetId": "n3pApaVq1-7FA9",
          "checksum": "221dfbc202a01e173aec52ead941b098"
        },
        {
          "type": "cssRules",
          "assetId": "n3pApaVq1-7FA9",
          "checksum": "221dfbc202a01e173aec52ead941b098"
        },
        {
          "type": "renderModule",
          "assetId": "tDidRZnqWmZ0X",
          "checksum": "d7e0049194a4c73120f06be244cafe83"
        },
        {
          "type": "cssRules",
          "assetId": "tDidRZnqWmZ0X",
          "checksum": "d7e0049194a4c73120f06be244cafe83"
        },
        {
          "type": "renderModule",
          "assetId": "a-n04GXTpAdS4",
          "checksum": "ac05ff86f1763adc6c5b0067188003dc"
        },
        {
          "type": "cssRules",
          "assetId": "a-n04GXTpAdS4",
          "checksum": "ac05ff86f1763adc6c5b0067188003dc"
        },
        {
          "type": "icon",
          "assetId": "jByBUUVecoG4h",
          "checksum": "c5e58170e925b74ce4596a185d07ac3a"
        },
        {
          "type": "icon",
          "assetId": "DRIW_Dhvwgaqm",
          "checksum": "3dcbb7b4bdb6ba7aa3d3715a20fcf797"
        },
        {
          "type": "icon",
          "assetId": "1YmV2289aDHQ6",
          "checksum": "4245cfc105906e5c9364f3f3aceb2e1b"
        },
        {
          "type": "icon",
          "assetId": "W-phPTlkfJXt5",
          "checksum": "e195f06d5ef139c3cac52949a7f4fd5b"
        },
        {
          "type": "icon",
          "assetId": "_oG98KkxvTkLZ",
          "checksum": "2ae2a4cc844f33fd2a11e0b93d62b7eb"
        },
        {
          "type": "icon",
          "assetId": "sm-2n5yEy3x7j",
          "checksum": "783d4b41d78cbf74197f075979f4bafa"
        },
        {
          "type": "icon",
          "assetId": "fQN7TyW2oBgvz",
          "checksum": "10bbe78b8abd26dcc7f368157133f3d7"
        },
        {
          "type": "icon",
          "assetId": "FZEc-b1nr7rUE",
          "checksum": "7a93802a282f2db711fd0749e974442b"
        },
        {
          "type": "icon",
          "assetId": "WEf43GdZ6mA19",
          "checksum": "cf3600d467d672eef9ef396b8cb9abcf"
        },
        {
          "type": "icon",
          "assetId": "LhWhNXIxkoEkE",
          "checksum": "29002cfa135ba75ca5e313c6b72dc668"
        },
        {
          "type": "icon",
          "assetId": "nvQXkOIaL5fsi",
          "checksum": "8395beb34990b9d37a7925e399002b26"
        },
        {
          "type": "icon",
          "assetId": "y62LNE6mvQrbs",
          "checksum": "19a4f9ed9fea7ef30cec84bfe35b7ba5"
        },
        {
          "type": "icon",
          "assetId": "MocNuTMbKSKqr",
          "checksum": "7c5c6f762e91c11b85d0b9c303b59684"
        },
        {
          "type": "icon",
          "assetId": "zOlpTHzPxWi-o",
          "checksum": "b7567c82acb5086a7a87d36bbe854532"
        },
        {
          "type": "image",
          "assetId": "0mUeg_l8BTNXz",
          "checksum": "a97c988279bc67faaba58fb71178dd47"
        },
        {
          "type": "image",
          "assetId": "eCfESyB-xIeBm",
          "checksum": "f933da257cab71d04c2c29a7d38ccfba"
        },
        {
          "type": "image",
          "assetId": "ovEskn8n-4Evp",
          "checksum": "b66b2e2a3a9793adc92c2365259ed365"
        },
        {
          "type": "image",
          "assetId": "dBgDzjltYDO21",
          "checksum": "d2cdff14918a650ca6b646a738eeb0e6"
        },
        {
          "type": "image",
          "assetId": "2IeQaN7hZQjZ7",
          "checksum": "5d3765d1a1acef1a9391871927f19e6a"
        },
        {
          "type": "image",
          "assetId": "E-b7flDEjM_1Q",
          "checksum": "bb914cc84b36a04dc8d6fd9b04df9c42"
        },
        {
          "type": "image",
          "assetId": "gloKY6tPpZIdT",
          "checksum": "044c4fec6b7c6c52ee54b1d1065e4186"
        },
        {
          "type": "image",
          "assetId": "qS7sH2ienSzle",
          "checksum": "dbd4785eee1aee6127be849857d0bcc5"
        },
        {
          "type": "image",
          "assetId": "m2vxZttpX8U9K",
          "checksum": "dad6ed6d209e12d058dab3d8fd6da3ff"
        },
        {
          "type": "image",
          "assetId": "2AvY8VtARDgys",
          "checksum": "98cf1e16e3483bf4d53e9ae05fcbdc2e"
        },
        {
          "type": "image",
          "assetId": "pNy_6TTPLZg23",
          "checksum": "4b30eb68658c23466ec1f902b862157f"
        },
        {
          "type": "image",
          "assetId": "qh-TexXD7jvUw",
          "checksum": "a5af434d37397cb3f8d2da20d5a1ac2d"
        },
        {
          "type": "image",
          "assetId": "RXRhHC6_gBNX3",
          "checksum": "0597f2149b03a87b334cfb298c5623c7"
        },
        {
          "type": "image",
          "assetId": "ooPEtL0mfWKwb",
          "checksum": "dbd872b19edd620e0f25db5cf090f5fb"
        },
        {
          "type": "image",
          "assetId": "gc1qxrzuDZrfo",
          "checksum": "4914881c071c5b0b51c46dd8e7ea2ff5"
        },
        {
          "type": "image",
          "assetId": "WD6QZKd7IbeP1",
          "checksum": "f97f062e89a32f0e0e41e43c418416c8"
        },
        {
          "type": "image",
          "assetId": "hkRLE_KydxEna",
          "checksum": "e94cbb7263434b1d53280ae7e7e1fb84"
        },
        {
          "type": "image",
          "assetId": "RcSn1HpHTGYCi",
          "checksum": "4e8896b59824c01c660c5dcc2393394c"
        },
        {
          "type": "image",
          "assetId": "KBn7bMZWI5R-U",
          "checksum": "6fa267b11ae9bbf796ef8f1b0687a845"
        },
        {
          "type": "image",
          "assetId": "yxn3X7s_U03bF",
          "checksum": "5fa1ff752a7171be83391d03425c96b8"
        },
        {
          "type": "image",
          "assetId": "XjnfN_WphQdoJ",
          "checksum": "2c722e32e8d683fa9a9eb070cb61cfb4"
        },
        {
          "type": "image",
          "assetId": "M5sa2C8Kef4_T",
          "checksum": "5a8368692785552ac09d059d56e1ffc1"
        },
        {
          "type": "image",
          "assetId": "iBN4vr0nGJ4vQ",
          "checksum": "553f3c1b1f8d8fca8dc5f41e74c1b8e6"
        },
        {
          "type": "image",
          "assetId": "bN8mySdLQe03S",
          "checksum": "e668a081e3050f90b6dcd2bd694505ed"
        },
        {
          "type": "image",
          "assetId": "afAPcvekjZ8gL",
          "checksum": "9a53eb16ff17f73ddf90e9ea93f8e79c"
        },
        {
          "type": "image",
          "assetId": "E2XnZWxZk23vs",
          "checksum": "ce511995705c426b5355ad6149266e7e"
        },
        {
          "type": "image",
          "assetId": "bb10lmsGJoB8r",
          "checksum": "068dc5fddcdf29fdcef1acc097257738"
        },
        {
          "type": "image",
          "assetId": "_To31TcS2fiBj",
          "checksum": "61e0f539461d569d0eec7ca8018b1e30"
        },
        {
          "type": "image",
          "assetId": "Zj8EhpwbW-bTE",
          "checksum": "36f393cd5ed8b956cab96c19011ad065"
        },
        {
          "type": "image",
          "assetId": "j1OGjAHvOD6Pn",
          "checksum": "97e85791611c09d308f9e1ffac9ab6b1"
        },
        {
          "type": "image",
          "assetId": "imI_OrDoyZbx5",
          "checksum": "c5a07b8a292d32ff7683bf1afda204f6"
        },
        {
          "type": "image",
          "assetId": "7bUMQCr0NMKWn",
          "checksum": "c2309c752b3c73c27c6d8a7211222741"
        },
        {
          "type": "image",
          "assetId": "OvHkaum3QcFBJ",
          "checksum": "ed06e42e1bec39cbb0c9a8b465a2c253"
        },
        {
          "type": "image",
          "assetId": "jZRrCcZd4mEf1",
          "checksum": "f36a002e200069446a8f9a94e84bafa6"
        },
        {
          "type": "image",
          "assetId": "02OHsf9dPuhC6",
          "checksum": "46d4dfc171f98e36a15c41c432065e12"
        },
        {
          "type": "image",
          "assetId": "R6sfBGdTao3NN",
          "checksum": "c859510c1aaa2211d44d18b1c48f5ec5"
        },
        {
          "type": "image",
          "assetId": "KDKL-oaofEVey",
          "checksum": "462325de7bb90a3da5dd1873a68b7b4b"
        },
        {
          "type": "image",
          "assetId": "aFcZSY89KfMho",
          "checksum": "1ca1148b1b183fe355187be94c2096cb"
        },
        {
          "type": "image",
          "assetId": "bwQyiQd6r1CKQ",
          "checksum": "39da9408f386e350b19f3ae637c1f0df"
        },
        {
          "type": "image",
          "assetId": "hcTMM8ZnbhOlw",
          "checksum": "ba70271ddb66f7f6fa1870ba2e05275e"
        },
        {
          "type": "image",
          "assetId": "b5DxgLgkPYdjp",
          "checksum": "d808113713a9589c0f354fd03034c4f6"
        },
        {
          "type": "image",
          "assetId": "9wI09EFNtIKuH",
          "checksum": "36f374fe7c49270dd5d55a220b702c26"
        },
        {
          "type": "image",
          "assetId": "p9kBwUoUQcKTT",
          "checksum": "de77998d3c7553ea267c1dcf521de649"
        },
        {
          "type": "image",
          "assetId": "bVqYRjR0eLUwM",
          "checksum": "bc8b4db41fcc50c8782d5987907ae287"
        },
        {
          "type": "image",
          "assetId": "zpwtFo9nRSpIs",
          "checksum": "ec36d2b49a357f12f35a752f54c33a8d"
        },
        {
          "type": "image",
          "assetId": "6m7C3E01-FRQl",
          "checksum": "2b9f34e42b866095df41da08214160a9"
        },
        {
          "type": "image",
          "assetId": "cqkWF911eYOxp",
          "checksum": "6d788f545d781df7b90cd8859db7f2aa"
        },
        {
          "type": "image",
          "assetId": "TeEQUPNSi0sGV",
          "checksum": "c395d6a82fbdc4a3dca052ef97d132e0"
        },
        {
          "type": "image",
          "assetId": "rJCeb_LxV1HAv",
          "checksum": "c0801009d91a78d243dc6edd7a1f43b5"
        },
        {
          "type": "image",
          "assetId": "weMuyaRHVpoF-",
          "checksum": "8f809f6b527a83de7b7e1535c19826be"
        },
        {
          "type": "image",
          "assetId": "VvYHKsJAnwGat",
          "checksum": "2377e378b8de67a3ea55022177076c09"
        },
        {
          "type": "image",
          "assetId": "KT8UNcAlNOiZi",
          "checksum": "1c44ae80df36b1356eb443c462de4802"
        },
        {
          "type": "image",
          "assetId": "Xu_XchPTNxKoZ",
          "checksum": "17626af5700b8ea7bccbf41d454c902b"
        },
        {
          "type": "image",
          "assetId": "d2riqbVgrYQ9j",
          "checksum": "4a1adede5a39dbdc059159e09dd87f40"
        },
        {
          "type": "image",
          "assetId": "0JE7Mc8wfXTuq",
          "checksum": "8f9317b45d0a4ab359515705ab7f073d"
        },
        {
          "type": "image",
          "assetId": "PMuK4m3XCDJMl",
          "checksum": "06d06cf16bbaea5d72cc52d09b4208c0"
        },
        {
          "type": "image",
          "assetId": "VvVliNiklDL8l",
          "checksum": "e22e007ae7cc25e02ffa44c26800509c"
        },
        {
          "type": "image",
          "assetId": "nhB-Tr1lVGHe6",
          "checksum": "0b281ce7bd22f8c8733ecc92d8c43cb2"
        },
        {
          "type": "image",
          "assetId": "38DOdyjKhXNTB",
          "checksum": "d4a1a5702de63d30954a7c52e7b1e99d"
        },
        {
          "type": "image",
          "assetId": "MACK_DFL2tSTr",
          "checksum": "e45e0e6adf9c3bbad411ffecf815fade"
        },
        {
          "type": "image",
          "assetId": "YLU4JhcI5mfln",
          "checksum": "1986e03fd6df734929943f85f3550eaf"
        },
        {
          "type": "image",
          "assetId": "PaS92ZxWAaCWp",
          "checksum": "092eb8fb145a3974cd81b914bd176267"
        },
        {
          "type": "image",
          "assetId": "U2o4XytD1jIQQ",
          "checksum": "7c65fb31ce646b4ded39b68d45bcef96"
        },
        {
          "type": "image",
          "assetId": "MH7IYt4YvnIlx",
          "checksum": "efbb614f20b0472372718921cf8c4f40"
        },
        {
          "type": "image",
          "assetId": "_LeDoAt67MsN4",
          "checksum": "0b7a4f80f0d554ee2beff5d75ccf34b7"
        },
        {
          "type": "image",
          "assetId": "_iKBll8AgdFjg",
          "checksum": "a48fb6c825d613955900ce0f6da7bd62"
        },
        {
          "type": "image",
          "assetId": "6cq1WOaGEAswO",
          "checksum": "314708b949aa8f3c1e2ef33dbe9d21b9"
        },
        {
          "type": "image",
          "assetId": "g6la65nwI7K1P",
          "checksum": "0252ce06630aca353c18ca3f88136f5d"
        },
        {
          "type": "image",
          "assetId": "gyMDbydreG1VS",
          "checksum": "af2a47932a5c2fa287904d9495ea1b43"
        },
        {
          "type": "image",
          "assetId": "aVxIfGZIpwN0z",
          "checksum": "1e119e5374ff2c9f47d0a8725850f70a"
        },
        {
          "type": "image",
          "assetId": "tjB9in1Cdd0KM",
          "checksum": "3ab043207988c521f0b6ec40861e3ced"
        },
        {
          "type": "image",
          "assetId": "KrQNNm9K9v35w",
          "checksum": "46873280f41c519621a262876a03f333"
        },
        {
          "type": "image",
          "assetId": "9vTdvxhDlTjUe",
          "checksum": "78df2079f3cc55f60c95a950cc83d465"
        },
        {
          "type": "image",
          "assetId": "3-ojpRncEqkZ3",
          "checksum": "c198b59756868374197125ef55d644b7"
        },
        {
          "type": "image",
          "assetId": "A6L4PZJ-V1KMV",
          "checksum": "32f172061d9997f28332a83cb581623a"
        },
        {
          "type": "image",
          "assetId": "WmxYG7Wn2IDl_",
          "checksum": "9ecaeafecf0ed3cee939019b5b412614"
        },
        {
          "type": "image",
          "assetId": "jOPnVgD1xgWkF",
          "checksum": "97ee629ef2e3eb9bb17f93e525951bf1"
        },
        {
          "type": "image",
          "assetId": "f6YA3pqruCJKi",
          "checksum": "a9b54a122018163102efb642686b2adf"
        },
        {
          "type": "image",
          "assetId": "C4uuzY4liRtTQ",
          "checksum": "1882626c63a44dbe13f68bbc45be7644"
        },
        {
          "type": "image",
          "assetId": "k-3vWz-lbehWj",
          "checksum": "fb567df42e1d462e58b4daa75ab6a191"
        },
        {
          "type": "image",
          "assetId": "dUlPX9hmiHTmH",
          "checksum": "9e1a4ca5e1c5403f9406ad29bb4db3d6"
        },
        {
          "type": "image",
          "assetId": "MgcvR5fAwacws",
          "checksum": "0a7ea3379d4700ce5d486fe645993d4f"
        },
        {
          "type": "image",
          "assetId": "LxtjRJzch-Ks8",
          "checksum": "786442db4bb1230b1a62529f93ac400a"
        },
        {
          "type": "image",
          "assetId": "lb_XICiFl2ROZ",
          "checksum": "556b313d785f798ce064dc13b61b724a"
        },
        {
          "type": "image",
          "assetId": "WiS5y2ZjGg_yG",
          "checksum": "39408ffb6300721139d99751ad67a811"
        },
        {
          "type": "image",
          "assetId": "fa6rSLBWIpT9A",
          "checksum": "c7f34227e81c6fea4cbdce98910957bb"
        },
        {
          "type": "image",
          "assetId": "Hv8s4Go_PnLm4",
          "checksum": "bce9456d35612f1e725f1747983a91b1"
        },
        {
          "type": "image",
          "assetId": "M2z0E7TN0NHD9",
          "checksum": "1763590293ff1e79c85d59ee2bdd444e"
        },
        {
          "type": "image",
          "assetId": "Gkfm0Cg7IOtmr",
          "checksum": "f1aa5bd9b99a4937e0e9d5b0efe32c1d"
        },
        {
          "type": "image",
          "assetId": "T4GSz_BNlFs1l",
          "checksum": "501605e9ababf7bca88b6a3d5edd8fee"
        },
        {
          "type": "image",
          "assetId": "yGWxn2pukkEc8",
          "checksum": "9de39e380be4a90386485bd518e4d62a"
        },
        {
          "type": "image",
          "assetId": "JNiP5hLXh1pvx",
          "checksum": "f73d4203da8c37485b1bab3d47b81f80"
        },
        {
          "type": "image",
          "assetId": "ltvYeiAuZPOlm",
          "checksum": "09f6c6af85a6945e5b0de54084af633b"
        },
        {
          "type": "image",
          "assetId": "HXnIpOF1oozw0",
          "checksum": "4097aaf59cdb554f30e5b7a6cd802ea6"
        },
        {
          "type": "image",
          "assetId": "cYPXzn5zu-yS-",
          "checksum": "93e1d444fe5ba722914461388f11626d"
        },
        {
          "type": "image",
          "assetId": "9IXytiYskvR33",
          "checksum": "741c233a01897eb77cc992700a32bfdf"
        },
        {
          "type": "image",
          "assetId": "qHP48TH-JNQAJ",
          "checksum": "511519ab2b7e2ce20c1a0f2e78ebe207"
        },
        {
          "type": "image",
          "assetId": "jTDveoCg0JDiI",
          "checksum": "59d79ea23b2dcebc4cb6818d3b0170ec"
        },
        {
          "type": "image",
          "assetId": "_Z50SL_yO63ZQ",
          "checksum": "90f1d9a18523383c91e076fe13c98f87"
        },
        {
          "type": "image",
          "assetId": "cbXOV4rK-vhUV",
          "checksum": "7e3336be76a5846a70b48c5fee50a18c"
        },
        {
          "type": "image",
          "assetId": "drD83PKZlMF4O",
          "checksum": "f70113294ec5b5e05030ae9d8e8ba396"
        },
        {
          "type": "image",
          "assetId": "KNukuNanjDPDE",
          "checksum": "80941121dc961ccd7709cc7354a3d0cc"
        },
        {
          "type": "image",
          "assetId": "-dXIh5R30z9NL",
          "checksum": "e0b421fcf619922ef28c475375a4c0c2"
        },
        {
          "type": "image",
          "assetId": "vk8Yx-OIoInVD",
          "checksum": "a0af3cdbe7293c233e87bc70ff235d63"
        },
        {
          "type": "image",
          "assetId": "LosQdcipANJG2",
          "checksum": "a07e466a5fa34494e6a5a3da94813448"
        },
        {
          "type": "image",
          "assetId": "-J61MkVP--_Cb",
          "checksum": "ca68a512c153d657e14274def74c9cd6"
        },
        {
          "type": "image",
          "assetId": "iVxNVSHiVNBOx",
          "checksum": "e7dcfdca803ca7749e0843e68e5b5c2f"
        },
        {
          "type": "image",
          "assetId": "VqzgCkZDiJAGj",
          "checksum": "c723eea3323adbc25a2433f654632b5e"
        },
        {
          "type": "image",
          "assetId": "lA6VUFvHFkwbZ",
          "checksum": "3b6ae565fabbecc2fab873218d128edb"
        },
        {
          "type": "image",
          "assetId": "z3ziecmPbUgSn",
          "checksum": "7c6843a5bdb91c97383594d87917a2dc"
        },
        {
          "type": "image",
          "assetId": "S9jX4ksYIYGiz",
          "checksum": "7156d9774753782e5ba2b30bf7023d4c"
        },
        {
          "type": "image",
          "assetId": "GZ6xkk_80-Uzn",
          "checksum": "fd41607f3f2bf20f6b8ff6e9a9690529"
        },
        {
          "type": "image",
          "assetId": "Niyq03zruzSIe",
          "checksum": "e10490ecee1482a07fe2ddd4cd3835be"
        },
        {
          "type": "image",
          "assetId": "-Zt3e7ikTjDdg",
          "checksum": "6b367a6c1a8a9a9968be535c87aadc02"
        },
        {
          "type": "image",
          "assetId": "avkMh7wEs5cQn",
          "checksum": "9516e2c8c723bc3b9866b9090b3458fd"
        },
        {
          "type": "image",
          "assetId": "psV3DtsPelUkS",
          "checksum": "84a13ae30b7abb05175d87f9c33be579"
        },
        {
          "type": "image",
          "assetId": "zryXEsrJeW5M8",
          "checksum": "675a579c5d1f42811b321d017c74b53b"
        },
        {
          "type": "image",
          "assetId": "Uike8-AyuO-Pi",
          "checksum": "2695a6e32a6e1ea02ff9773c9f3902ee"
        },
        {
          "type": "image",
          "assetId": "RUPCci9XI4Uet",
          "checksum": "54a398044dd91061942dfd0f16368a5d"
        },
        {
          "type": "image",
          "assetId": "HihiVnPrgYfdX",
          "checksum": "5ea9ea74a7ecfe41e0c06c269abf3dea"
        },
        {
          "type": "image",
          "assetId": "ild3voZOUBqB2",
          "checksum": "e740198a921b10456fb716d20b0ca75b"
        },
        {
          "type": "image",
          "assetId": "xy3iFzczJdIln",
          "checksum": "800ea796bb49858c66dc3a1942db1c15"
        }
      ],
      "codegenVersion": "0.0.1"
    }
  ],
  "cliVersion": "0.1.222"
}
